{
  "name": "SnowLegend",
  "version": "3.1.1",
  "lockfileVersion": 2,
  "requires": true,
  "packages": {
    "": {
      "version": "3.1.1",
      "dependencies": {
        "blueimp-md5": "^2.18.0"
      },
      "devDependencies": {
        "@types/blueimp-md5": "^2.18.0"
      }
    },
    "node_modules/@types/blueimp-md5": {
      "version": "2.18.0",
      "resolved": "https://registry.nlark.com/@types/blueimp-md5/download/@types/blueimp-md5-2.18.0.tgz",
      "integrity": "sha1-pcRPoKYfWEDpWnll6vzsLDDWxN8=",
      "dev": true
    },
    "node_modules/blueimp-md5": {
      "version": "2.18.0",
      "resolved": "https://registry.npm.taobao.org/blueimp-md5/download/blueimp-md5-2.18.0.tgz",
      "integrity": "sha1-EVK+EzXwxrORHtnjbbVPPmrFKTU="
    }
  },
  "dependencies": {
    "@types/blueimp-md5": {
      "version": "2.18.0",
      "resolved": "https://registry.nlark.com/@types/blueimp-md5/download/@types/blueimp-md5-2.18.0.tgz",
      "integrity": "sha1-pcRPoKYfWEDpWnll6vzsLDDWxN8=",
      "dev": true
    },
    "blueimp-md5": {
      "version": "2.18.0",
      "resolved": "https://registry.npm.taobao.org/blueimp-md5/download/blueimp-md5-2.18.0.tgz",
      "integrity": "sha1-EVK+EzXwxrORHtnjbbVPPmrFKTU="
    }
  }
}
